<?xml version="1.0" encoding="utf-8"?>
<Project ToolsVersion="4.0" xmlns="http://schemas.microsoft.com/developer/msbuild/2003">
  <ItemGroup>
    <Filter Include="Source Files">
      <UniqueIdentifier>{4FC737F1-C7A5-4376-A066-2A32D752A2FF}</UniqueIdentifier>
      <Extensions>cpp;c;cc;cxx;def;odl;idl;hpj;bat;asm;asmx</Extensions>
    </Filter>
    <Filter Include="Header Files">
      <UniqueIdentifier>{93995380-89BD-4b04-88EB-625FBE52EBFB}</UniqueIdentifier>
      <Extensions>h;hh;hpp;hxx;hm;inl;inc;xsd</Extensions>
    </Filter>
    <Filter Include="Resource Files">
      <UniqueIdentifier>{67DA6AB6-F800-4c08-8B7A-83BB121AAD01}</UniqueIdentifier>
      <Extensions>rc;ico;cur;bmp;dlg;rc2;rct;bin;rgs;gif;jpg;jpeg;jpe;resx;tiff;tif;png;wav;mfcribbon-ms</Extensions>
    </Filter>
    <Filter Include="Source Files\Shaders">
      <UniqueIdentifier>{42785e51-a66d-4fb5-9197-0b787a01d998}</UniqueIdentifier>
    </Filter>
    <Filter Include="Source Files\Geometry">
      <UniqueIdentifier>{99e7f5f5-e9b9-441a-a3f8-5a091e53677f}</UniqueIdentifier>
    </Filter>
    <Filter Include="Source Files\Shaders\shaders">
      <UniqueIdentifier>{a6380955-4777-4cb6-9433-492d43ffce67}</UniqueIdentifier>
    </Filter>
    <Filter Include="Source Files\Applications">
      <UniqueIdentifier>{e2052eed-0665-4425-a274-e1d27c576dfe}</UniqueIdentifier>
    </Filter>
    <Filter Include="Source Files\System">
      <UniqueIdentifier>{46ac5eee-fe6d-493e-9697-f3a7e11a3532}</UniqueIdentifier>
    </Filter>
    <Filter Include="Source Files\Scenes">
      <UniqueIdentifier>{56a94d97-6d69-4be0-b719-00749ca15c44}</UniqueIdentifier>
    </Filter>
    <Filter Include="Source Files\PerlinNoise">
      <UniqueIdentifier>{2d2fe00e-92f1-42de-98ad-8632f295c088}</UniqueIdentifier>
    </Filter>
  </ItemGroup>
  <ItemGroup>
    <ClCompile Include="Texture.cpp">
      <Filter>Source Files\Geometry</Filter>
    </ClCompile>
    <ClCompile Include="BaseShader.cpp">
      <Filter>Source Files\Shaders</Filter>
    </ClCompile>
    <ClCompile Include="BaseMesh.cpp">
      <Filter>Source Files\Geometry</Filter>
    </ClCompile>
    <ClCompile Include="OrthoMesh.cpp">
      <Filter>Source Files\Geometry</Filter>
    </ClCompile>
    <ClCompile Include="SphereMesh.cpp">
      <Filter>Source Files\Geometry</Filter>
    </ClCompile>
    <ClCompile Include="PlaneMesh.cpp">
      <Filter>Source Files\Geometry</Filter>
    </ClCompile>
    <ClCompile Include="Model.cpp">
      <Filter>Source Files\Geometry</Filter>
    </ClCompile>
    <ClCompile Include="PointMesh.cpp">
      <Filter>Source Files\Geometry</Filter>
    </ClCompile>
    <ClCompile Include="TextureShader.cpp">
      <Filter>Source Files\Shaders</Filter>
    </ClCompile>
    <ClCompile Include="ManipulationShader.cpp">
      <Filter>Source Files\Shaders</Filter>
    </ClCompile>
    <ClCompile Include="BoxBlurShader.cpp">
      <Filter>Source Files\Shaders</Filter>
    </ClCompile>
    <ClCompile Include="DepthShader.cpp">
      <Filter>Source Files\Shaders</Filter>
    </ClCompile>
    <ClCompile Include="Coursework.cpp">
      <Filter>Source Files\Applications</Filter>
    </ClCompile>
    <ClCompile Include="Terrain.cpp">
      <Filter>Source Files\Geometry</Filter>
    </ClCompile>
    <ClCompile Include="MasterShader.cpp">
      <Filter>Source Files\Shaders</Filter>
    </ClCompile>
    <ClCompile Include="MasterShadowShader.cpp">
      <Filter>Source Files\Shaders</Filter>
    </ClCompile>
    <ClCompile Include="PointLight.cpp">
      <Filter>Source Files\Geometry</Filter>
    </ClCompile>
    <ClCompile Include="BaseApplication.cpp">
      <Filter>Source Files\System</Filter>
    </ClCompile>
    <ClCompile Include="Camera.cpp">
      <Filter>Source Files\System</Filter>
    </ClCompile>
    <ClCompile Include="D3D.cpp">
      <Filter>Source Files\System</Filter>
    </ClCompile>
    <ClCompile Include="Input.cpp">
      <Filter>Source Files\System</Filter>
    </ClCompile>
    <ClCompile Include="Light.cpp">
      <Filter>Source Files\System</Filter>
    </ClCompile>
    <ClCompile Include="Main.cpp">
      <Filter>Source Files\System</Filter>
    </ClCompile>
    <ClCompile Include="RenderTexture.cpp">
      <Filter>Source Files\System</Filter>
    </ClCompile>
    <ClCompile Include="System.cpp">
      <Filter>Source Files\System</Filter>
    </ClCompile>
    <ClCompile Include="Timer.cpp">
      <Filter>Source Files\System</Filter>
    </ClCompile>
    <ClCompile Include="TokenStream.cpp">
      <Filter>Source Files\System</Filter>
    </ClCompile>
    <ClCompile Include="Scene.cpp">
      <Filter>Source Files\Scenes</Filter>
    </ClCompile>
    <ClCompile Include="BaseScene.cpp">
      <Filter>Source Files\Scenes</Filter>
    </ClCompile>
    <ClCompile Include="ParticleShader.cpp">
      <Filter>Source Files\Shaders</Filter>
    </ClCompile>
    <ClCompile Include="ParticleSystem.cpp">
      <Filter>Source Files\Geometry</Filter>
    </ClCompile>
    <ClCompile Include="PointLightGroup.cpp">
      <Filter>Source Files\Geometry</Filter>
    </ClCompile>
    <ClCompile Include="PerlinNoise.cpp">
      <Filter>Source Files\PerlinNoise</Filter>
    </ClCompile>
    <ClCompile Include="NoisePlane.cpp">
      <Filter>Source Files\Geometry</Filter>
    </ClCompile>
    <ClCompile Include="PerlinNoiseShader.cpp">
      <Filter>Source Files\Shaders</Filter>
    </ClCompile>
  </ItemGroup>
  <ItemGroup>
    <ClInclude Include="Texture.h">
      <Filter>Source Files\Geometry</Filter>
    </ClInclude>
    <ClInclude Include="BaseShader.h">
      <Filter>Source Files\Shaders</Filter>
    </ClInclude>
    <ClInclude Include="BaseMesh.h">
      <Filter>Source Files\Geometry</Filter>
    </ClInclude>
    <ClInclude Include="OrthoMesh.h">
      <Filter>Source Files\Geometry</Filter>
    </ClInclude>
    <ClInclude Include="SphereMesh.h">
      <Filter>Source Files\Geometry</Filter>
    </ClInclude>
    <ClInclude Include="PlaneMesh.h">
      <Filter>Source Files\Geometry</Filter>
    </ClInclude>
    <ClInclude Include="Model.h">
      <Filter>Source Files\Geometry</Filter>
    </ClInclude>
    <ClInclude Include="PointMesh.h">
      <Filter>Source Files\Geometry</Filter>
    </ClInclude>
    <ClInclude Include="TextureShader.h">
      <Filter>Source Files\Shaders</Filter>
    </ClInclude>
    <ClInclude Include="ManipulationShader.h">
      <Filter>Source Files\Shaders</Filter>
    </ClInclude>
    <ClInclude Include="BoxBlurShader.h">
      <Filter>Source Files\Shaders</Filter>
    </ClInclude>
    <ClInclude Include="DepthShader.h">
      <Filter>Source Files\Shaders</Filter>
    </ClInclude>
    <ClInclude Include="Coursework.h">
      <Filter>Source Files\Applications</Filter>
    </ClInclude>
    <ClInclude Include="Terrain.h">
      <Filter>Source Files\Geometry</Filter>
    </ClInclude>
    <ClInclude Include="MasterShader.h">
      <Filter>Source Files\Shaders</Filter>
    </ClInclude>
    <ClInclude Include="MasterShadowShader.h">
      <Filter>Source Files\Shaders</Filter>
    </ClInclude>
    <ClInclude Include="PointLight.h">
      <Filter>Source Files\Geometry</Filter>
    </ClInclude>
    <ClInclude Include="BaseApplication.h">
      <Filter>Source Files\System</Filter>
    </ClInclude>
    <ClInclude Include="Camera.h">
      <Filter>Source Files\System</Filter>
    </ClInclude>
    <ClInclude Include="D3D.h">
      <Filter>Source Files\System</Filter>
    </ClInclude>
    <ClInclude Include="Input.h">
      <Filter>Source Files\System</Filter>
    </ClInclude>
    <ClInclude Include="Light.h">
      <Filter>Source Files\System</Filter>
    </ClInclude>
    <ClInclude Include="RenderTexture.h">
      <Filter>Source Files\System</Filter>
    </ClInclude>
    <ClInclude Include="System.h">
      <Filter>Source Files\System</Filter>
    </ClInclude>
    <ClInclude Include="Timer.h">
      <Filter>Source Files\System</Filter>
    </ClInclude>
    <ClInclude Include="TokenStream.h">
      <Filter>Source Files\System</Filter>
    </ClInclude>
    <ClInclude Include="Scene.h">
      <Filter>Source Files\Scenes</Filter>
    </ClInclude>
    <ClInclude Include="BaseScene.h">
      <Filter>Source Files\Scenes</Filter>
    </ClInclude>
    <ClInclude Include="ParticleShader.h">
      <Filter>Source Files\Shaders</Filter>
    </ClInclude>
    <ClInclude Include="ParticleSystem.h">
      <Filter>Source Files\Geometry</Filter>
    </ClInclude>
    <ClInclude Include="PointLightGroup.h">
      <Filter>Source Files\Geometry</Filter>
    </ClInclude>
    <ClInclude Include="PerlinNoise.h">
      <Filter>Source Files\PerlinNoise</Filter>
    </ClInclude>
    <ClInclude Include="NoisePlane.h">
      <Filter>Source Files\Geometry</Filter>
    </ClInclude>
    <ClInclude Include="PerlinNoiseShader.h">
      <Filter>Source Files\Shaders</Filter>
    </ClInclude>
  </ItemGroup>
  <ItemGroup>
    <None Include="packages.config" />
  </ItemGroup>
  <ItemGroup>
    <FxCompile Include="..\shaders\texture_ps.hlsl">
      <Filter>Source Files\Shaders\shaders</Filter>
    </FxCompile>
    <FxCompile Include="..\shaders\texture_vs.hlsl">
      <Filter>Source Files\Shaders\shaders</Filter>
    </FxCompile>
    <FxCompile Include="..\shaders\pointlight_ps.hlsl">
      <Filter>Source Files\Shaders\shaders</Filter>
    </FxCompile>
    <FxCompile Include="..\shaders\pointlight_vs.hlsl">
      <Filter>Source Files\Shaders\shaders</Filter>
    </FxCompile>
    <FxCompile Include="..\shaders\manipulation_ps.hlsl">
      <Filter>Source Files\Shaders\shaders</Filter>
    </FxCompile>
    <FxCompile Include="..\shaders\manipulation_vs.hlsl">
      <Filter>Source Files\Shaders\shaders</Filter>
    </FxCompile>
    <FxCompile Include="..\shaders\boxBlur_ps.hlsl">
      <Filter>Source Files\Shaders\shaders</Filter>
    </FxCompile>
    <FxCompile Include="..\shaders\boxBlur_vs.hlsl">
      <Filter>Source Files\Shaders\shaders</Filter>
    </FxCompile>
    <FxCompile Include="..\shaders\quad_tessellation_ds.hlsl">
      <Filter>Source Files\Shaders\shaders</Filter>
    </FxCompile>
    <FxCompile Include="..\shaders\quad_tessellation_hs.hlsl">
      <Filter>Source Files\Shaders\shaders</Filter>
    </FxCompile>
    <FxCompile Include="..\shaders\depth_ps.hlsl">
      <Filter>Source Files\Shaders\shaders</Filter>
    </FxCompile>
    <FxCompile Include="..\shaders\depth_vs.hlsl">
      <Filter>Source Files\Shaders\shaders</Filter>
    </FxCompile>
    <FxCompile Include="..\shaders\master_ps.hlsl">
      <Filter>Source Files\Shaders\shaders</Filter>
    </FxCompile>
    <FxCompile Include="..\shaders\master_vs.hlsl">
      <Filter>Source Files\Shaders\shaders</Filter>
    </FxCompile>
    <FxCompile Include="..\shaders\mastershadow_ps.hlsl">
      <Filter>Source Files\Shaders\shaders</Filter>
    </FxCompile>
    <FxCompile Include="..\shaders\mastershadow_vs.hlsl">
      <Filter>Source Files\Shaders\shaders</Filter>
    </FxCompile>
    <FxCompile Include="..\shaders\particle_gs.hlsl">
      <Filter>Source Files\Shaders\shaders</Filter>
    </FxCompile>
    <FxCompile Include="..\shaders\particle_ps.hlsl">
      <Filter>Source Files\Shaders\shaders</Filter>
    </FxCompile>
    <FxCompile Include="..\shaders\particle_vs.hlsl">
      <Filter>Source Files\Shaders\shaders</Filter>
    </FxCompile>
    <FxCompile Include="..\shaders\perlin_noise_vs.hlsl">
      <Filter>Source Files\Shaders\shaders</Filter>
    </FxCompile>
    <FxCompile Include="..\shaders\perlin_noise_ps.hlsl">
      <Filter>Source Files\Shaders\shaders</Filter>
    </FxCompile>
  </ItemGroup>
</Project>